
Microsoft Visual Studio Solution File, Format Version 12.00
# Visual Studio Version 17
VisualStudioVersion = 17.4.33213.308
MinimumVisualStudioVersion = 10.0.40219.1
Project("{FAE04EC0-301F-11D3-BF4B-00C04F79EFBC}") = "Te Reo Maori", "Te Reo Maori\Te Reo Maori.csproj", "{6FBA5656-D733-4166-8024-566E44D037AB}"
EndProject
Global
	GlobalSection(SolutionConfigurationPlatforms) = preSolution
		Debug|Any CPU = Debug|Any CPU
		Release|Any CPU = Release|Any CPU
	EndGlobalSection
	GlobalSection(ProjectConfigurationPlatforms) = postSolution
		{6FBA5656-D733-4166-8024-566E44D037AB}.Debug|Any CPU.ActiveCfg = Debug|Any CPU
		{6FBA5656-D733-4166-8024-566E44D037AB}.Debug|Any CPU.Build.0 = Debug|Any CPU
		{6FBA5656-D733-4166-8024-566E44D037AB}.Release|Any CPU.ActiveCfg = Release|Any CPU
		{6FBA5656-D733-4166-8024-566E44D037AB}.Release|Any CPU.Build.0 = Release|Any CPU
	EndGlobalSection
	GlobalSection(SolutionProperties) = preSolution
		HideSolutionNode = FALSE
	EndGlobalSection
	GlobalSection(ExtensibilityGlobals) = postSolution
		SolutionGuid = {19A264E0-CD2C-42AD-9485-D7C979B35470}
	EndGlobalSection
EndGlobal
